// !$*UTF8*$!
{
	archiveVersion = 1;
	classes = {
	};
	objectVersion = 77;
	objects = {

/* Begin PBXContainerItemProxy section */
		797D70672CB17CDE0047B0DB /* PBXContainerItemProxy */ = {
			isa = PBXContainerItemProxy;
			containerPortal = 797D704E2CB17CDC0047B0DB /* Project object */;
			proxyType = 1;
			remoteGlobalIDString = 797D70552CB17CDC0047B0DB;
			remoteInfo = Simple_Stacks_Layout;
		};
		797D70712CB17CDE0047B0DB /* PBXContainerItemProxy */ = {
			isa = PBXContainerItemProxy;
			containerPortal = 797D704E2CB17CDC0047B0DB /* Project object */;
			proxyType = 1;
			remoteGlobalIDString = 797D70552CB17CDC0047B0DB;
			remoteInfo = Simple_Stacks_Layout;
		};
/* End PBXContainerItemProxy section */

/* Begin PBXFileReference section */
		797D70562CB17CDC0047B0DB /* Simple_Stacks_Layout.app */ = {isa = PBXFileReference; explicitFileType = wrapper.application; includeInIndex = 0; path = Simple_Stacks_Layout.app; sourceTree = BUILT_PRODUCTS_DIR; };
		797D70662CB17CDE0047B0DB /* Simple_Stacks_LayoutTests.xctest */ = {isa = PBXFileReference; explicitFileType = wrapper.cfbundle; includeInIndex = 0; path = Simple_Stacks_LayoutTests.xctest; sourceTree = BUILT_PRODUCTS_DIR; };
		797D70702CB17CDE0047B0DB /* Simple_Stacks_LayoutUITests.xctest */ = {isa = PBXFileReference; explicitFileType = wrapper.cfbundle; includeInIndex = 0; path = Simple_Stacks_LayoutUITests.xctest; sourceTree = BUILT_PRODUCTS_DIR; };
/* End PBXFileReference section */

/* Begin PBXFileSystemSynchronizedRootGroup section */
		797D70582CB17CDC0047B0DB /* Simple_Stacks_Layout */ = {
			isa = PBXFileSystemSynchronizedRootGroup;
			path = Simple_Stacks_Layout;
			sourceTree = "<group>";
		};
		797D70692CB17CDE0047B0DB /* Simple_Stacks_LayoutTests */ = {
			isa = PBXFileSystemSynchronizedRootGroup;
			path = Simple_Stacks_LayoutTests;
			sourceTree = "<group>";
		};
		797D70732CB17CDE0047B0DB /* Simple_Stacks_LayoutUITests */ = {
			isa = PBXFileSystemSynchronizedRootGroup;
			path = Simple_Stacks_LayoutUITests;
			sourceTree = "<group>";
		};
/* End PBXFileSystemSynchronizedRootGroup section */

/* Begin PBXFrameworksBuildPhase section */
		797D70532CB17CDC0047B0DB /* Frameworks */ = {
			isa = PBXFrameworksBuildPhase;
			buildActionMask = 2147483647;
			files = (
			);
			runOnlyForDeploymentPostprocessing = 0;
		};
		797D70632CB17CDE0047B0DB /* Frameworks */ = {
			isa = PBXFrameworksBuildPhase;
			buildActionMask = 2147483647;
			files = (
			);
			runOnlyForDeploymentPostprocessing = 0;
		};
		797D706D2CB17CDE0047B0DB /* Frameworks */ = {
			isa = PBXFrameworksBuildPhase;
			buildActionMask = 2147483647;
			files = (
			);
			runOnlyForDeploymentPostprocessing = 0;
		};
/* End PBXFrameworksBuildPhase section */

/* Begin PBXGroup section */
		797D704D2CB17CDC0047B0DB = {
			isa = PBXGroup;
			children = (
				797D70582CB17CDC0047B0DB /* Simple_Stacks_Layout */,
				797D70692CB17CDE0047B0DB /* Simple_Stacks_LayoutTests */,
				797D70732CB17CDE0047B0DB /* Simple_Stacks_LayoutUITests */,
				797D70572CB17CDC0047B0DB /* Products */,
			);
			sourceTree = "<group>";
		};
		797D70572CB17CDC0047B0DB /* Products */ = {
			isa = PBXGroup;
			children = (
				797D70562CB17CDC0047B0DB /* Simple_Stacks_Layout.app */,
				797D70662CB17CDE0047B0DB /* Simple_Stacks_LayoutTests.xctest */,
				797D70702CB17CDE0047B0DB /* Simple_Stacks_LayoutUITests.xctest */,
			);
			name = Products;
			sourceTree = "<group>";
		};
/* End PBXGroup section */

/* Begin PBXNativeTarget section */
		797D70552CB17CDC0047B0DB /* Simple_Stacks_Layout */ = {
			isa = PBXNativeTarget;
			buildConfigurationList = 797D707A2CB17CDE0047B0DB /* Build configuration list for PBXNativeTarget "Simple_Stacks_Layout" */;
			buildPhases = (
				797D70522CB17CDC0047B0DB /* Sources */,
				797D70532CB17CDC0047B0DB /* Frameworks */,
				797D70542CB17CDC0047B0DB /* Resources */,
			);
			buildRules = (
			);
			dependencies = (
			);
			fileSystemSynchronizedGroups = (
				797D70582CB17CDC0047B0DB /* Simple_Stacks_Layout */,
			);
			name = Simple_Stacks_Layout;
			packageProductDependencies = (
			);
			productName = Simple_Stacks_Layout;
			productReference = 797D70562CB17CDC0047B0DB /* Simple_Stacks_Layout.app */;
			productType = "com.apple.product-type.application";
		};
		797D70652CB17CDE0047B0DB /* Simple_Stacks_LayoutTests */ = {
			isa = PBXNativeTarget;
			buildConfigurationList = 797D707D2CB17CDE0047B0DB /* Build configuration list for PBXNativeTarget "Simple_Stacks_LayoutTests" */;
			buildPhases = (
				797D70622CB17CDE0047B0DB /* Sources */,
				797D70632CB17CDE0047B0DB /* Frameworks */,
				797D70642CB17CDE0047B0DB /* Resources */,
			);
			buildRules = (
			);
			dependencies = (
				797D70682CB17CDE0047B0DB /* PBXTargetDependency */,
			);
			fileSystemSynchronizedGroups = (
				797D70692CB17CDE0047B0DB /* Simple_Stacks_LayoutTests */,
			);
			name = Simple_Stacks_LayoutTests;
			packageProductDependencies = (
			);
			productName = Simple_Stacks_LayoutTests;
			productReference = 797D70662CB17CDE0047B0DB /* Simple_Stacks_LayoutTests.xctest */;
			productType = "com.apple.product-type.bundle.unit-test";
		};
		797D706F2CB17CDE0047B0DB /* Simple_Stacks_LayoutUITests */ = {
			isa = PBXNativeTarget;
			buildConfigurationList = 797D70802CB17CDE0047B0DB /* Build configuration list for PBXNativeTarget "Simple_Stacks_LayoutUITests" */;
			buildPhases = (
				797D706C2CB17CDE0047B0DB /* Sources */,
				797D706D2CB17CDE0047B0DB /* Frameworks */,
				797D706E2CB17CDE0047B0DB /* Resources */,
			);
			buildRules = (
			);
			dependencies = (
				797D70722CB17CDE0047B0DB /* PBXTargetDependency */,
			);
			fileSystemSynchronizedGroups = (
				797D70732CB17CDE0047B0DB /* Simple_Stacks_LayoutUITests */,
			);
			name = Simple_Stacks_LayoutUITests;
			packageProductDependencies = (
			);
			productName = Simple_Stacks_LayoutUITests;
			productReference = 797D70702CB17CDE0047B0DB /* Simple_Stacks_LayoutUITests.xctest */;
			productType = "com.apple.product-type.bundle.ui-testing";
		};
/* End PBXNativeTarget section */

/* Begin PBXProject section */
		797D704E2CB17CDC0047B0DB /* Project object */ = {
			isa = PBXProject;
			attributes = {
				BuildIndependentTargetsInParallel = 1;
				LastSwiftUpdateCheck = 1600;
				LastUpgradeCheck = 1600;
				TargetAttributes = {
					797D70552CB17CDC0047B0DB = {
						CreatedOnToolsVersion = 16.0;
					};
					797D70652CB17CDE0047B0DB = {
						CreatedOnToolsVersion = 16.0;
						TestTargetID = 797D70552CB17CDC0047B0DB;
					};
					797D706F2CB17CDE0047B0DB = {
						CreatedOnToolsVersion = 16.0;
						TestTargetID = 797D70552CB17CDC0047B0DB;
					};
				};
			};
			buildConfigurationList = 797D70512CB17CDC0047B0DB /* Build configuration list for PBXProject "Simple_Stacks_Layout" */;
			developmentRegion = en;
			hasScannedForEncodings = 0;
			knownRegions = (
				en,
				Base,
			);
			mainGroup = 797D704D2CB17CDC0047B0DB;
			minimizedProjectReferenceProxies = 1;
			preferredProjectObjectVersion = 77;
			productRefGroup = 797D70572CB17CDC0047B0DB /* Products */;
			projectDirPath = "";
			projectRoot = "";
			targets = (
				797D70552CB17CDC0047B0DB /* Simple_Stacks_Layout */,
				797D70652CB17CDE0047B0DB /* Simple_Stacks_LayoutTests */,
				797D706F2CB17CDE0047B0DB /* Simple_Stacks_LayoutUITests */,
			);
		};
/* End PBXProject section */

/* Begin PBXResourcesBuildPhase section */
		797D70542CB17CDC0047B0DB /* Resources */ = {
			isa = PBXResourcesBuildPhase;
			buildActionMask = 2147483647;
			files = (
			);
			runOnlyForDeploymentPostprocessing = 0;
		};
		797D70642CB17CDE0047B0DB /* Resources */ = {
			isa = PBXResourcesBuildPhase;
			buildActionMask = 2147483647;
			files = (
			);
			runOnlyForDeploymentPostprocessing = 0;
		};
		797D706E2CB17CDE0047B0DB /* Resources */ = {
			isa = PBXResourcesBuildPhase;
			buildActionMask = 2147483647;
			files = (
			);
			runOnlyForDeploymentPostprocessing = 0;
		};
/* End PBXResourcesBuildPhase section */

/* Begin PBXSourcesBuildPhase section */
		797D70522CB17CDC0047B0DB /* Sources */ = {
			isa = PBXSourcesBuildPhase;
			buildActionMask = 2147483647;
			files = (
			);
			runOnlyForDeploymentPostprocessing = 0;
		};
		797D70622CB17CDE0047B0DB /* Sources */ = {
			isa = PBXSourcesBuildPhase;
			buildActionMask = 2147483647;
			files = (
			);
			runOnlyForDeploymentPostprocessing = 0;
		};
		797D706C2CB17CDE0047B0DB /* Sources */ = {
			isa = PBXSourcesBuildPhase;
			buildActionMask = 2147483647;
			files = (
			);
			runOnlyForDeploymentPostprocessing = 0;
		};
/* End PBXSourcesBuildPhase section */

/* Begin PBXTargetDependency section */
		797D70682CB17CDE0047B0DB /* PBXTargetDependency */ = {
			isa = PBXTargetDependency;
			target = 797D70552CB17CDC0047B0DB /* Simple_Stacks_Layout */;
			targetProxy = 797D70672CB17CDE0047B0DB /* PBXContainerItemProxy */;
		};
		797D70722CB17CDE0047B0DB /* PBXTargetDependency */ = {
			isa = PBXTargetDependency;
			target = 797D70552CB17CDC0047B0DB /* Simple_Stacks_Layout */;
			targetProxy = 797D70712CB17CDE0047B0DB /* PBXContainerItemProxy */;
		};
/* End PBXTargetDependency section */

/* Begin XCBuildConfiguration section */
		797D70782CB17CDE0047B0DB /* Debug */ = {
			isa = XCBuildConfiguration;
			buildSettings = {
				ALWAYS_SEARCH_USER_PATHS = NO;
				ASSETCATALOG_COMPILER_GENERATE_SWIFT_ASSET_SYMBOL_EXTENSIONS = YES;
				CLANG_ANALYZER_NONNULL = YES;
				CLANG_ANALYZER_NUMBER_OBJECT_CONVERSION = YES_AGGRESSIVE;
				CLANG_CXX_LANGUAGE_STANDARD = "gnu++20";
				CLANG_ENABLE_MODULES = YES;
				CLANG_ENABLE_OBJC_ARC = YES;
				CLANG_ENABLE_OBJC_WEAK = YES;
				CLANG_WARN_BLOCK_CAPTURE_AUTORELEASING = YES;
				CLANG_WARN_BOOL_CONVERSION = YES;
				CLANG_WARN_COMMA = YES;
				CLANG_WARN_CONSTANT_CONVERSION = YES;
				CLANG_WARN_DEPRECATED_OBJC_IMPLEMENTATIONS = YES;
				CLANG_WARN_DIRECT_OBJC_ISA_USAGE = YES_ERROR;
				CLANG_WARN_DOCUMENTATION_COMMENTS = YES;
				CLANG_WARN_EMPTY_BODY = YES;
				CLANG_WARN_ENUM_CONVERSION = YES;
				CLANG_WARN_INFINITE_RECURSION = YES;
				CLANG_WARN_INT_CONVERSION = YES;
				CLANG_WARN_NON_LITERAL_NULL_CONVERSION = YES;
				CLANG_WARN_OBJC_IMPLICIT_RETAIN_SELF = YES;
				CLANG_WARN_OBJC_LITERAL_CONVERSION = YES;
				CLANG_WARN_OBJC_ROOT_CLASS = YES_ERROR;
				CLANG_WARN_QUOTED_INCLUDE_IN_FRAMEWORK_HEADER = YES;
				CLANG_WARN_RANGE_LOOP_ANALYSIS = YES;
				CLANG_WARN_STRICT_PROTOTYPES = YES;
				CLANG_WARN_SUSPICIOUS_MOVE = YES;
				CLANG_WARN_UNGUARDED_AVAILABILITY = YES_AGGRESSIVE;
				CLANG_WARN_UNREACHABLE_CODE = YES;
				CLANG_WARN__DUPLICATE_METHOD_MATCH = YES;
				COPY_PHASE_STRIP = NO;
				DEBUG_INFORMATION_FORMAT = dwarf;
				ENABLE_STRICT_OBJC_MSGSEND = YES;
				ENABLE_TESTABILITY = YES;
				ENABLE_USER_SCRIPT_SANDBOXING = YES;
				GCC_C_LANGUAGE_STANDARD = gnu17;
				GCC_DYNAMIC_NO_PIC = NO;
				GCC_NO_COMMON_BLOCKS = YES;
				GCC_OPTIMIZATION_LEVEL = 0;
				GCC_PREPROCESSOR_DEFINITIONS = (
					"DEBUG=1",
					"$(inherited)",
				);
				GCC_WARN_64_TO_32_BIT_CONVERSION = YES;
				GCC_WARN_ABOUT_RETURN_TYPE = YES_ERROR;
				GCC_WARN_UNDECLARED_SELECTOR = YES;
				GCC_WARN_UNINITIALIZED_AUTOS = YES_AGGRESSIVE;
				GCC_WARN_UNUSED_FUNCTION = YES;
				GCC_WARN_UNUSED_VARIABLE = YES;
				IPHONEOS_DEPLOYMENT_TARGET = 18.0;
				LOCALIZATION_PREFERS_STRING_CATALOGS = YES;
				MTL_ENABLE_DEBUG_INFO = INCLUDE_SOURCE;
				MTL_FAST_MATH = YES;
				ONLY_ACTIVE_ARCH = YES;
				SDKROOT = iphoneos;
				SWIFT_ACTIVE_COMPILATION_CONDITIONS = "DEBUG $(inherited)";
				SWIFT_OPTIMIZATION_LEVEL = "-Onone";
			};
			name = Debug;
		};
		797D70792CB17CDE0047B0DB /* Release */ = {
			isa = XCBuildConfiguration;
			buildSettings = {
				ALWAYS_SEARCH_USER_PATHS = NO;
				ASSETCATALOG_COMPILER_GENERATE_SWIFT_ASSET_SYMBOL_EXTENSIONS = YES;
				CLANG_ANALYZER_NONNULL = YES;
				CLANG_ANALYZER_NUMBER_OBJECT_CONVERSION = YES_AGGRESSIVE;
				CLANG_CXX_LANGUAGE_STANDARD = "gnu++20";
				CLANG_ENABLE_MODULES = YES;
				CLANG_ENABLE_OBJC_ARC = YES;
				CLANG_ENABLE_OBJC_WEAK = YES;
				CLANG_WARN_BLOCK_CAPTURE_AUTORELEASING = YES;
				CLANG_WARN_BOOL_CONVERSION = YES;
				CLANG_WARN_COMMA = YES;
				CLANG_WARN_CONSTANT_CONVERSION = YES;
				CLANG_WARN_DEPRECATED_OBJC_IMPLEMENTATIONS = YES;
				CLANG_WARN_DIRECT_OBJC_ISA_USAGE = YES_ERROR;
				CLANG_WARN_DOCUMENTATION_COMMENTS = YES;
				CLANG_WARN_EMPTY_BODY = YES;
				CLANG_WARN_ENUM_CONVERSION = YES;
				CLANG_WARN_INFINITE_RECURSION = YES;
				CLANG_WARN_INT_CONVERSION = YES;
				CLANG_WARN_NON_LITERAL_NULL_CONVERSION = YES;
				CLANG_WARN_OBJC_IMPLICIT_RETAIN_SELF = YES;
				CLANG_WARN_OBJC_LITERAL_CONVERSION = YES;
				CLANG_WARN_OBJC_ROOT_CLASS = YES_ERROR;
				CLANG_WARN_QUOTED_INCLUDE_IN_FRAMEWORK_HEADER = YES;
				CLANG_WARN_RANGE_LOOP_ANALYSIS = YES;
				CLANG_WARN_STRICT_PROTOTYPES = YES;
				CLANG_WARN_SUSPICIOUS_MOVE = YES;
				CLANG_WARN_UNGUARDED_AVAILABILITY = YES_AGGRESSIVE;
				CLANG_WARN_UNREACHABLE_CODE = YES;
				CLANG_WARN__DUPLICATE_METHOD_MATCH = YES;
				COPY_PHASE_STRIP = NO;
				DEBUG_INFORMATION_FORMAT = "dwarf-with-dsym";
				ENABLE_NS_ASSERTIONS = NO;
				ENABLE_STRICT_OBJC_MSGSEND = YES;
				ENABLE_USER_SCRIPT_SANDBOXING = YES;
				GCC_C_LANGUAGE_STANDARD = gnu17;
				GCC_NO_COMMON_BLOCKS = YES;
				GCC_WARN_64_TO_32_BIT_CONVERSION = YES;
				GCC_WARN_ABOUT_RETURN_TYPE = YES_ERROR;
				GCC_WARN_UNDECLARED_SELECTOR = YES;
				GCC_WARN_UNINITIALIZED_AUTOS = YES_AGGRESSIVE;
				GCC_WARN_UNUSED_FUNCTION = YES;
				GCC_WARN_UNUSED_VARIABLE = YES;
				IPHONEOS_DEPLOYMENT_TARGET = 18.0;
				LOCALIZATION_PREFERS_STRING_CATALOGS = YES;
				MTL_ENABLE_DEBUG_INFO = NO;
				MTL_FAST_MATH = YES;
				SDKROOT = iphoneos;
				SWIFT_COMPILATION_MODE = wholemodule;
				VALIDATE_PRODUCT = YES;
			};
			name = Release;
		};
		797D707B2CB17CDE0047B0DB /* Debug */ = {
			isa = XCBuildConfiguration;
			buildSettings = {
				ASSETCATALOG_COMPILER_APPICON_NAME = AppIcon;
				ASSETCATALOG_COMPILER_GLOBAL_ACCENT_COLOR_NAME = AccentColor;
				CODE_SIGN_STYLE = Automatic;
				CURRENT_PROJECT_VERSION = 1;
				DEVELOPMENT_ASSET_PATHS = "\"Simple_Stacks_Layout/Preview Content\"";
				DEVELOPMENT_TEAM = 6JD548BN3B;
				ENABLE_PREVIEWS = YES;
				GENERATE_INFOPLIST_FILE = YES;
				INFOPLIST_KEY_UIApplicationSceneManifest_Generation = YES;
				INFOPLIST_KEY_UIApplicationSupportsIndirectInputEvents = YES;
				INFOPLIST_KEY_UILaunchScreen_Generation = YES;
				INFOPLIST_KEY_UISupportedInterfaceOrientations_iPad = "UIInterfaceOrientationPortrait UIInterfaceOrientationPortraitUpsideDown UIInterfaceOrientationLandscapeLeft UIInterfaceOrientationLandscapeRight";
				INFOPLIST_KEY_UISupportedInterfaceOrientations_iPhone = "UIInterfaceOrientationPortrait UIInterfaceOrientationLandscapeLeft UIInterfaceOrientationLandscapeRight";
				LD_RUNPATH_SEARCH_PATHS = (
					"$(inherited)",
					"@executable_path/Frameworks",
				);
				MARKETING_VERSION = 1.0;
				PRODUCT_BUNDLE_IDENTIFIER = "com.BulldogVenturesInc.Simple-Stacks-Layout";
				PRODUCT_NAME = "$(TARGET_NAME)";
				SWIFT_EMIT_LOC_STRINGS = YES;
				SWIFT_VERSION = 5.0;
				TARGETED_DEVICE_FAMILY = "1,2";
			};
			name = Debug;
		};
		797D707C2CB17CDE0047B0DB /* Release */ = {
			isa = XCBuildConfiguration;
			buildSettings = {
				ASSETCATALOG_COMPILER_APPICON_NAME = AppIcon;
				ASSETCATALOG_COMPILER_GLOBAL_ACCENT_COLOR_NAME = AccentColor;
				CODE_SIGN_STYLE = Automatic;
				CURRENT_PROJECT_VERSION = 1;
				DEVELOPMENT_ASSET_PATHS = "\"Simple_Stacks_Layout/Preview Content\"";
				DEVELOPMENT_TEAM = 6JD548BN3B;
				ENABLE_PREVIEWS = YES;
				GENERATE_INFOPLIST_FILE = YES;
				INFOPLIST_KEY_UIApplicationSceneManifest_Generation = YES;
				INFOPLIST_KEY_UIApplicationSupportsIndirectInputEvents = YES;
				INFOPLIST_KEY_UILaunchScreen_Generation = YES;
				INFOPLIST_KEY_UISupportedInterfaceOrientations_iPad = "UIInterfaceOrientationPortrait UIInterfaceOrientationPortraitUpsideDown UIInterfaceOrientationLandscapeLeft UIInterfaceOrientationLandscapeRight";
				INFOPLIST_KEY_UISupportedInterfaceOrientations_iPhone = "UIInterfaceOrientationPortrait UIInterfaceOrientationLandscapeLeft UIInterfaceOrientationLandscapeRight";
				LD_RUNPATH_SEARCH_PATHS = (
					"$(inherited)",
					"@executable_path/Frameworks",
				);
				MARKETING_VERSION = 1.0;
				PRODUCT_BUNDLE_IDENTIFIER = "com.BulldogVenturesInc.Simple-Stacks-Layout";
				PRODUCT_NAME = "$(TARGET_NAME)";
				SWIFT_EMIT_LOC_STRINGS = YES;
				SWIFT_VERSION = 5.0;
				TARGETED_DEVICE_FAMILY = "1,2";
			};
			name = Release;
		};
		797D707E2CB17CDE0047B0DB /* Debug */ = {
			isa = XCBuildConfiguration;
			buildSettings = {
				BUNDLE_LOADER = "$(TEST_HOST)";
				CODE_SIGN_STYLE = Automatic;
				CURRENT_PROJECT_VERSION = 1;
				DEVELOPMENT_TEAM = 6JD548BN3B;
				GENERATE_INFOPLIST_FILE = YES;
				IPHONEOS_DEPLOYMENT_TARGET = 18.0;
				MARKETING_VERSION = 1.0;
				PRODUCT_BUNDLE_IDENTIFIER = "com.BulldogVenturesInc.Simple-Stacks-LayoutTests";
				PRODUCT_NAME = "$(TARGET_NAME)";
				SWIFT_EMIT_LOC_STRINGS = NO;
				SWIFT_VERSION = 5.0;
				TARGETED_DEVICE_FAMILY = "1,2";
				TEST_HOST = "$(BUILT_PRODUCTS_DIR)/Simple_Stacks_Layout.app/$(BUNDLE_EXECUTABLE_FOLDER_PATH)/Simple_Stacks_Layout";
			};
			name = Debug;
		};
		797D707F2CB17CDE0047B0DB /* Release */ = {
			isa = XCBuildConfiguration;
			buildSettings = {
				BUNDLE_LOADER = "$(TEST_HOST)";
				CODE_SIGN_STYLE = Automatic;
				CURRENT_PROJECT_VERSION = 1;
				DEVELOPMENT_TEAM = 6JD548BN3B;
				GENERATE_INFOPLIST_FILE = YES;
				IPHONEOS_DEPLOYMENT_TARGET = 18.0;
				MARKETING_VERSION = 1.0;
				PRODUCT_BUNDLE_IDENTIFIER = "com.BulldogVenturesInc.Simple-Stacks-LayoutTests";
				PRODUCT_NAME = "$(TARGET_NAME)";
				SWIFT_EMIT_LOC_STRINGS = NO;
				SWIFT_VERSION = 5.0;
				TARGETED_DEVICE_FAMILY = "1,2";
				TEST_HOST = "$(BUILT_PRODUCTS_DIR)/Simple_Stacks_Layout.app/$(BUNDLE_EXECUTABLE_FOLDER_PATH)/Simple_Stacks_Layout";
			};
			name = Release;
		};
		797D70812CB17CDE0047B0DB /* Debug */ = {
			isa = XCBuildConfiguration;
			buildSettings = {
				CODE_SIGN_STYLE = Automatic;
				CURRENT_PROJECT_VERSION = 1;
				DEVELOPMENT_TEAM = 6JD548BN3B;
				GENERATE_INFOPLIST_FILE = YES;
				MARKETING_VERSION = 1.0;
				PRODUCT_BUNDLE_IDENTIFIER = "com.BulldogVenturesInc.Simple-Stacks-LayoutUITests";
				PRODUCT_NAME = "$(TARGET_NAME)";
				SWIFT_EMIT_LOC_STRINGS = NO;
				SWIFT_VERSION = 5.0;
				TARGETED_DEVICE_FAMILY = "1,2";
				TEST_TARGET_NAME = Simple_Stacks_Layout;
			};
			name = Debug;
		};
		797D70822CB17CDE0047B0DB /* Release */ = {
			isa = XCBuildConfiguration;
			buildSettings = {
				CODE_SIGN_STYLE = Automatic;
				CURRENT_PROJECT_VERSION = 1;
				DEVELOPMENT_TEAM = 6JD548BN3B;
				GENERATE_INFOPLIST_FILE = YES;
				MARKETING_VERSION = 1.0;
				PRODUCT_BUNDLE_IDENTIFIER = "com.BulldogVenturesInc.Simple-Stacks-LayoutUITests";
				PRODUCT_NAME = "$(TARGET_NAME)";
				SWIFT_EMIT_LOC_STRINGS = NO;
				SWIFT_VERSION = 5.0;
				TARGETED_DEVICE_FAMILY = "1,2";
				TEST_TARGET_NAME = Simple_Stacks_Layout;
			};
			name = Release;
		};
/* End XCBuildConfiguration section */

/* Begin XCConfigurationList section */
		797D70512CB17CDC0047B0DB /* Build configuration list for PBXProject "Simple_Stacks_Layout" */ = {
			isa = XCConfigurationList;
			buildConfigurations = (
				797D70782CB17CDE0047B0DB /* Debug */,
				797D70792CB17CDE0047B0DB /* Release */,
			);
			defaultConfigurationIsVisible = 0;
			defaultConfigurationName = Release;
		};
		797D707A2CB17CDE0047B0DB /* Build configuration list for PBXNativeTarget "Simple_Stacks_Layout" */ = {
			isa = XCConfigurationList;
			buildConfigurations = (
				797D707B2CB17CDE0047B0DB /* Debug */,
				797D707C2CB17CDE0047B0DB /* Release */,
			);
			defaultConfigurationIsVisible = 0;
			defaultConfigurationName = Release;
		};
		797D707D2CB17CDE0047B0DB /* Build configuration list for PBXNativeTarget "Simple_Stacks_LayoutTests" */ = {
			isa = XCConfigurationList;
			buildConfigurations = (
				797D707E2CB17CDE0047B0DB /* Debug */,
				797D707F2CB17CDE0047B0DB /* Release */,
			);
			defaultConfigurationIsVisible = 0;
			defaultConfigurationName = Release;
		};
		797D70802CB17CDE0047B0DB /* Build configuration list for PBXNativeTarget "Simple_Stacks_LayoutUITests" */ = {
			isa = XCConfigurationList;
			buildConfigurations = (
				797D70812CB17CDE0047B0DB /* Debug */,
				797D70822CB17CDE0047B0DB /* Release */,
			);
			defaultConfigurationIsVisible = 0;
			defaultConfigurationName = Release;
		};
/* End XCConfigurationList section */
	};
	rootObject = 797D704E2CB17CDC0047B0DB /* Project object */;
}
